// !$*UTF8*$!
{
	archiveVersion = 1;
	classes = {
	};
	objectVersion = 77;
	objects = {

/* Begin PBXContainerItemProxy section */
		D386C71A2CA58A2E00F08F1A /* PBXContainerItemProxy */ = {
			isa = PBXContainerItemProxy;
			containerPortal = D386C6F82CA58A2C00F08F1A /* Project object */;
			proxyType = 1;
			remoteGlobalIDString = D386C6FF2CA58A2C00F08F1A;
			remoteInfo = ClickerGame;
		};
		D386C7242CA58A2E00F08F1A /* PBXContainerItemProxy */ = {
			isa = PBXContainerItemProxy;
			containerPortal = D386C6F82CA58A2C00F08F1A /* Project object */;
			proxyType = 1;
			remoteGlobalIDString = D386C6FF2CA58A2C00F08F1A;
			remoteInfo = ClickerGame;
		};
/* End PBXContainerItemProxy section */

/* Begin PBXFileReference section */
		D386C7002CA58A2C00F08F1A /* ClickerGame.app */ = {isa = PBXFileReference; explicitFileType = wrapper.application; includeInIndex = 0; path = ClickerGame.app; sourceTree = BUILT_PRODUCTS_DIR; };
		D386C7192CA58A2E00F08F1A /* ClickerGameTests.xctest */ = {isa = PBXFileReference; explicitFileType = wrapper.cfbundle; includeInIndex = 0; path = ClickerGameTests.xctest; sourceTree = BUILT_PRODUCTS_DIR; };
		D386C7232CA58A2E00F08F1A /* ClickerGameUITests.xctest */ = {isa = PBXFileReference; explicitFileType = wrapper.cfbundle; includeInIndex = 0; path = ClickerGameUITests.xctest; sourceTree = BUILT_PRODUCTS_DIR; };
/* End PBXFileReference section */

/* Begin PBXFileSystemSynchronizedBuildFileExceptionSet section */
		D386C72B2CA58A2E00F08F1A /* Exceptions for "ClickerGame" folder in "ClickerGame" target */ = {
			isa = PBXFileSystemSynchronizedBuildFileExceptionSet;
			membershipExceptions = (
				Info.plist,
			);
			target = D386C6FF2CA58A2C00F08F1A /* ClickerGame */;
		};
/* End PBXFileSystemSynchronizedBuildFileExceptionSet section */

/* Begin PBXFileSystemSynchronizedRootGroup section */
		D386C7022CA58A2C00F08F1A /* ClickerGame */ = {
			isa = PBXFileSystemSynchronizedRootGroup;
			exceptions = (
				D386C72B2CA58A2E00F08F1A /* Exceptions for "ClickerGame" folder in "ClickerGame" target */,
			);
			path = ClickerGame;
			sourceTree = "<group>";
		};
		D386C71C2CA58A2E00F08F1A /* ClickerGameTests */ = {
			isa = PBXFileSystemSynchronizedRootGroup;
			path = ClickerGameTests;
			sourceTree = "<group>";
		};
		D386C7262CA58A2E00F08F1A /* ClickerGameUITests */ = {
			isa = PBXFileSystemSynchronizedRootGroup;
			path = ClickerGameUITests;
			sourceTree = "<group>";
		};
/* End PBXFileSystemSynchronizedRootGroup section */

/* Begin PBXFrameworksBuildPhase section */
		D386C6FD2CA58A2C00F08F1A /* Frameworks */ = {
			isa = PBXFrameworksBuildPhase;
			buildActionMask = 2147483647;
			files = (
			);
			runOnlyForDeploymentPostprocessing = 0;
		};
		D386C7162CA58A2E00F08F1A /* Frameworks */ = {
			isa = PBXFrameworksBuildPhase;
			buildActionMask = 2147483647;
			files = (
			);
			runOnlyForDeploymentPostprocessing = 0;
		};
		D386C7202CA58A2E00F08F1A /* Frameworks */ = {
			isa = PBXFrameworksBuildPhase;
			buildActionMask = 2147483647;
			files = (
			);
			runOnlyForDeploymentPostprocessing = 0;
		};
/* End PBXFrameworksBuildPhase section */

/* Begin PBXGroup section */
		D386C6F72CA58A2C00F08F1A = {
			isa = PBXGroup;
			children = (
				D386C7022CA58A2C00F08F1A /* ClickerGame */,
				D386C71C2CA58A2E00F08F1A /* ClickerGameTests */,
				D386C7262CA58A2E00F08F1A /* ClickerGameUITests */,
				D386C7012CA58A2C00F08F1A /* Products */,
			);
			sourceTree = "<group>";
		};
		D386C7012CA58A2C00F08F1A /* Products */ = {
			isa = PBXGroup;
			children = (
				D386C7002CA58A2C00F08F1A /* ClickerGame.app */,
				D386C7192CA58A2E00F08F1A /* ClickerGameTests.xctest */,
				D386C7232CA58A2E00F08F1A /* ClickerGameUITests.xctest */,
			);
			name = Products;
			sourceTree = "<group>";
		};
/* End PBXGroup section */

/* Begin PBXNativeTarget section */
		D386C6FF2CA58A2C00F08F1A /* ClickerGame */ = {
			isa = PBXNativeTarget;
			buildConfigurationList = D386C72C2CA58A2E00F08F1A /* Build configuration list for PBXNativeTarget "ClickerGame" */;
			buildPhases = (
				D386C6FC2CA58A2C00F08F1A /* Sources */,
				D386C6FD2CA58A2C00F08F1A /* Frameworks */,
				D386C6FE2CA58A2C00F08F1A /* Resources */,
			);
			buildRules = (
			);
			dependencies = (
			);
			fileSystemSynchronizedGroups = (
				D386C7022CA58A2C00F08F1A /* ClickerGame */,
			);
			name = ClickerGame;
			packageProductDependencies = (
			);
			productName = ClickerGame;
			productReference = D386C7002CA58A2C00F08F1A /* ClickerGame.app */;
			productType = "com.apple.product-type.application";
		};
		D386C7182CA58A2E00F08F1A /* ClickerGameTests */ = {
			isa = PBXNativeTarget;
			buildConfigurationList = D386C7312CA58A2E00F08F1A /* Build configuration list for PBXNativeTarget "ClickerGameTests" */;
			buildPhases = (
				D386C7152CA58A2E00F08F1A /* Sources */,
				D386C7162CA58A2E00F08F1A /* Frameworks */,
				D386C7172CA58A2E00F08F1A /* Resources */,
			);
			buildRules = (
			);
			dependencies = (
				D386C71B2CA58A2E00F08F1A /* PBXTargetDependency */,
			);
			fileSystemSynchronizedGroups = (
				D386C71C2CA58A2E00F08F1A /* ClickerGameTests */,
			);
			name = ClickerGameTests;
			packageProductDependencies = (
			);
			productName = ClickerGameTests;
			productReference = D386C7192CA58A2E00F08F1A /* ClickerGameTests.xctest */;
			productType = "com.apple.product-type.bundle.unit-test";
		};
		D386C7222CA58A2E00F08F1A /* ClickerGameUITests */ = {
			isa = PBXNativeTarget;
			buildConfigurationList = D386C7342CA58A2E00F08F1A /* Build configuration list for PBXNativeTarget "ClickerGameUITests" */;
			buildPhases = (
				D386C71F2CA58A2E00F08F1A /* Sources */,
				D386C7202CA58A2E00F08F1A /* Frameworks */,
				D386C7212CA58A2E00F08F1A /* Resources */,
			);
			buildRules = (
			);
			dependencies = (
				D386C7252CA58A2E00F08F1A /* PBXTargetDependency */,
			);
			fileSystemSynchronizedGroups = (
				D386C7262CA58A2E00F08F1A /* ClickerGameUITests */,
			);
			name = ClickerGameUITests;
			packageProductDependencies = (
			);
			productName = ClickerGameUITests;
			productReference = D386C7232CA58A2E00F08F1A /* ClickerGameUITests.xctest */;
			productType = "com.apple.product-type.bundle.ui-testing";
		};
/* End PBXNativeTarget section */

/* Begin PBXProject section */
		D386C6F82CA58A2C00F08F1A /* Project object */ = {
			isa = PBXProject;
			attributes = {
				BuildIndependentTargetsInParallel = 1;
				LastSwiftUpdateCheck = 1600;
				LastUpgradeCheck = 1600;
				TargetAttributes = {
					D386C6FF2CA58A2C00F08F1A = {
						CreatedOnToolsVersion = 16.0;
					};
					D386C7182CA58A2E00F08F1A = {
						CreatedOnToolsVersion = 16.0;
						TestTargetID = D386C6FF2CA58A2C00F08F1A;
					};
					D386C7222CA58A2E00F08F1A = {
						CreatedOnToolsVersion = 16.0;
						TestTargetID = D386C6FF2CA58A2C00F08F1A;
					};
				};
			};
			buildConfigurationList = D386C6FB2CA58A2C00F08F1A /* Build configuration list for PBXProject "ClickerGame" */;
			developmentRegion = en;
			hasScannedForEncodings = 0;
			knownRegions = (
				en,
				Base,
			);
			mainGroup = D386C6F72CA58A2C00F08F1A;
			minimizedProjectReferenceProxies = 1;
			preferredProjectObjectVersion = 77;
			productRefGroup = D386C7012CA58A2C00F08F1A /* Products */;
			projectDirPath = "";
			projectRoot = "";
			targets = (
				D386C6FF2CA58A2C00F08F1A /* ClickerGame */,
				D386C7182CA58A2E00F08F1A /* ClickerGameTests */,
				D386C7222CA58A2E00F08F1A /* ClickerGameUITests */,
			);
		};
/* End PBXProject section */

/* Begin PBXResourcesBuildPhase section */
		D386C6FE2CA58A2C00F08F1A /* Resources */ = {
			isa = PBXResourcesBuildPhase;
			buildActionMask = 2147483647;
			files = (
			);
			runOnlyForDeploymentPostprocessing = 0;
		};
		D386C7172CA58A2E00F08F1A /* Resources */ = {
			isa = PBXResourcesBuildPhase;
			buildActionMask = 2147483647;
			files = (
			);
			runOnlyForDeploymentPostprocessing = 0;
		};
		D386C7212CA58A2E00F08F1A /* Resources */ = {
			isa = PBXResourcesBuildPhase;
			buildActionMask = 2147483647;
			files = (
			);
			runOnlyForDeploymentPostprocessing = 0;
		};
/* End PBXResourcesBuildPhase section */

/* Begin PBXSourcesBuildPhase section */
		D386C6FC2CA58A2C00F08F1A /* Sources */ = {
			isa = PBXSourcesBuildPhase;
			buildActionMask = 2147483647;
			files = (
			);
			runOnlyForDeploymentPostprocessing = 0;
		};
		D386C7152CA58A2E00F08F1A /* Sources */ = {
			isa = PBXSourcesBuildPhase;
			buildActionMask = 2147483647;
			files = (
			);
			runOnlyForDeploymentPostprocessing = 0;
		};
		D386C71F2CA58A2E00F08F1A /* Sources */ = {
			isa = PBXSourcesBuildPhase;
			buildActionMask = 2147483647;
			files = (
			);
			runOnlyForDeploymentPostprocessing = 0;
		};
/* End PBXSourcesBuildPhase section */

/* Begin PBXTargetDependency section */
		D386C71B2CA58A2E00F08F1A /* PBXTargetDependency */ = {
			isa = PBXTargetDependency;
			target = D386C6FF2CA58A2C00F08F1A /* ClickerGame */;
			targetProxy = D386C71A2CA58A2E00F08F1A /* PBXContainerItemProxy */;
		};
		D386C7252CA58A2E00F08F1A /* PBXTargetDependency */ = {
			isa = PBXTargetDependency;
			target = D386C6FF2CA58A2C00F08F1A /* ClickerGame */;
			targetProxy = D386C7242CA58A2E00F08F1A /* PBXContainerItemProxy */;
		};
/* End PBXTargetDependency section */

/* Begin XCBuildConfiguration section */
		D386C72D2CA58A2E00F08F1A /* Debug */ = {
			isa = XCBuildConfiguration;
			buildSettings = {
				ASSETCATALOG_COMPILER_APPICON_NAME = AppIcon;
				ASSETCATALOG_COMPILER_GLOBAL_ACCENT_COLOR_NAME = AccentColor;
				CODE_SIGN_STYLE = Automatic;
				CURRENT_PROJECT_VERSION = 1;
				DEVELOPMENT_TEAM = 8RXF2VA5SU;
				GENERATE_INFOPLIST_FILE = YES;
				INFOPLIST_FILE = ClickerGame/Info.plist;
				INFOPLIST_KEY_UIApplicationSupportsIndirectInputEvents = YES;
				INFOPLIST_KEY_UILaunchStoryboardName = LaunchScreen;
				INFOPLIST_KEY_UIMainStoryboardFile = Main;
				INFOPLIST_KEY_UISupportedInterfaceOrientations_iPad = "UIInterfaceOrientationPortrait UIInterfaceOrientationPortraitUpsideDown UIInterfaceOrientationLandscapeLeft UIInterfaceOrientationLandscapeRight";
				INFOPLIST_KEY_UISupportedInterfaceOrientations_iPhone = "UIInterfaceOrientationPortrait UIInterfaceOrientationLandscapeLeft UIInterfaceOrientationLandscapeRight";
				LD_RUNPATH_SEARCH_PATHS = (
					"$(inherited)",
					"@executable_path/Frameworks",
				);
				MARKETING_VERSION = 1.0;
				PRODUCT_BUNDLE_IDENTIFIER = clc.ClickerGame;
				PRODUCT_NAME = "$(TARGET_NAME)";
				SWIFT_EMIT_LOC_STRINGS = YES;
				SWIFT_VERSION = 5.0;
				TARGETED_DEVICE_FAMILY = "1,2";
			};
			name = Debug;
		};
		D386C72E2CA58A2E00F08F1A /* Release */ = {
			isa = XCBuildConfiguration;
			buildSettings = {
				ASSETCATALOG_COMPILER_APPICON_NAME = AppIcon;
				ASSETCATALOG_COMPILER_GLOBAL_ACCENT_COLOR_NAME = AccentColor;
				CODE_SIGN_STYLE = Automatic;
				CURRENT_PROJECT_VERSION = 1;
				DEVELOPMENT_TEAM = 8RXF2VA5SU;
				GENERATE_INFOPLIST_FILE = YES;
				INFOPLIST_FILE = ClickerGame/Info.plist;
				INFOPLIST_KEY_UIApplicationSupportsIndirectInputEvents = YES;
				INFOPLIST_KEY_UILaunchStoryboardName = LaunchScreen;
				INFOPLIST_KEY_UIMainStoryboardFile = Main;
				INFOPLIST_KEY_UISupportedInterfaceOrientations_iPad = "UIInterfaceOrientationPortrait UIInterfaceOrientationPortraitUpsideDown UIInterfaceOrientationLandscapeLeft UIInterfaceOrientationLandscapeRight";
				INFOPLIST_KEY_UISupportedInterfaceOrientations_iPhone = "UIInterfaceOrientationPortrait UIInterfaceOrientationLandscapeLeft UIInterfaceOrientationLandscapeRight";
				LD_RUNPATH_SEARCH_PATHS = (
					"$(inherited)",
					"@executable_path/Frameworks",
				);
				MARKETING_VERSION = 1.0;
				PRODUCT_BUNDLE_IDENTIFIER = clc.ClickerGame;
				PRODUCT_NAME = "$(TARGET_NAME)";
				SWIFT_EMIT_LOC_STRINGS = YES;
				SWIFT_VERSION = 5.0;
				TARGETED_DEVICE_FAMILY = "1,2";
			};
			name = Release;
		};
		D386C72F2CA58A2E00F08F1A /* Debug */ = {
			isa = XCBuildConfiguration;
			buildSettings = {
				ALWAYS_SEARCH_USER_PATHS = NO;
				ASSETCATALOG_COMPILER_GENERATE_SWIFT_ASSET_SYMBOL_EXTENSIONS = YES;
				CLANG_ANALYZER_NONNULL = YES;
				CLANG_ANALYZER_NUMBER_OBJECT_CONVERSION = YES_AGGRESSIVE;
				CLANG_CXX_LANGUAGE_STANDARD = "gnu++20";
				CLANG_ENABLE_MODULES = YES;
				CLANG_ENABLE_OBJC_ARC = YES;
				CLANG_ENABLE_OBJC_WEAK = YES;
				CLANG_WARN_BLOCK_CAPTURE_AUTORELEASING = YES;
				CLANG_WARN_BOOL_CONVERSION = YES;
				CLANG_WARN_COMMA = YES;
				CLANG_WARN_CONSTANT_CONVERSION = YES;
				CLANG_WARN_DEPRECATED_OBJC_IMPLEMENTATIONS = YES;
				CLANG_WARN_DIRECT_OBJC_ISA_USAGE = YES_ERROR;
				CLANG_WARN_DOCUMENTATION_COMMENTS = YES;
				CLANG_WARN_EMPTY_BODY = YES;
				CLANG_WARN_ENUM_CONVERSION = YES;
				CLANG_WARN_INFINITE_RECURSION = YES;
				CLANG_WARN_INT_CONVERSION = YES;
				CLANG_WARN_NON_LITERAL_NULL_CONVERSION = YES;
				CLANG_WARN_OBJC_IMPLICIT_RETAIN_SELF = YES;
				CLANG_WARN_OBJC_LITERAL_CONVERSION = YES;
				CLANG_WARN_OBJC_ROOT_CLASS = YES_ERROR;
				CLANG_WARN_QUOTED_INCLUDE_IN_FRAMEWORK_HEADER = YES;
				CLANG_WARN_RANGE_LOOP_ANALYSIS = YES;
				CLANG_WARN_STRICT_PROTOTYPES = YES;
				CLANG_WARN_SUSPICIOUS_MOVE = YES;
				CLANG_WARN_UNGUARDED_AVAILABILITY = YES_AGGRESSIVE;
				CLANG_WARN_UNREACHABLE_CODE = YES;
				CLANG_WARN__DUPLICATE_METHOD_MATCH = YES;
				COPY_PHASE_STRIP = NO;
				DEBUG_INFORMATION_FORMAT = dwarf;
				ENABLE_STRICT_OBJC_MSGSEND = YES;
				ENABLE_TESTABILITY = YES;
				ENABLE_USER_SCRIPT_SANDBOXING = YES;
				GCC_C_LANGUAGE_STANDARD = gnu17;
				GCC_DYNAMIC_NO_PIC = NO;
				GCC_NO_COMMON_BLOCKS = YES;
				GCC_OPTIMIZATION_LEVEL = 0;
				GCC_PREPROCESSOR_DEFINITIONS = (
					"DEBUG=1",
					"$(inherited)",
				);
				GCC_WARN_64_TO_32_BIT_CONVERSION = YES;
				GCC_WARN_ABOUT_RETURN_TYPE = YES_ERROR;
				GCC_WARN_UNDECLARED_SELECTOR = YES;
				GCC_WARN_UNINITIALIZED_AUTOS = YES_AGGRESSIVE;
				GCC_WARN_UNUSED_FUNCTION = YES;
				GCC_WARN_UNUSED_VARIABLE = YES;
				IPHONEOS_DEPLOYMENT_TARGET = 18.0;
				LOCALIZATION_PREFERS_STRING_CATALOGS = YES;
				MTL_ENABLE_DEBUG_INFO = INCLUDE_SOURCE;
				MTL_FAST_MATH = YES;
				ONLY_ACTIVE_ARCH = YES;
				SDKROOT = iphoneos;
				SWIFT_ACTIVE_COMPILATION_CONDITIONS = "DEBUG $(inherited)";
				SWIFT_OPTIMIZATION_LEVEL = "-Onone";
			};
			name = Debug;
		};
		D386C7302CA58A2E00F08F1A /* Release */ = {
			isa = XCBuildConfiguration;
			buildSettings = {
				ALWAYS_SEARCH_USER_PATHS = NO;
				ASSETCATALOG_COMPILER_GENERATE_SWIFT_ASSET_SYMBOL_EXTENSIONS = YES;
				CLANG_ANALYZER_NONNULL = YES;
				CLANG_ANALYZER_NUMBER_OBJECT_CONVERSION = YES_AGGRESSIVE;
				CLANG_CXX_LANGUAGE_STANDARD = "gnu++20";
				CLANG_ENABLE_MODULES = YES;
				CLANG_ENABLE_OBJC_ARC = YES;
				CLANG_ENABLE_OBJC_WEAK = YES;
				CLANG_WARN_BLOCK_CAPTURE_AUTORELEASING = YES;
				CLANG_WARN_BOOL_CONVERSION = YES;
				CLANG_WARN_COMMA = YES;
				CLANG_WARN_CONSTANT_CONVERSION = YES;
				CLANG_WARN_DEPRECATED_OBJC_IMPLEMENTATIONS = YES;
				CLANG_WARN_DIRECT_OBJC_ISA_USAGE = YES_ERROR;
				CLANG_WARN_DOCUMENTATION_COMMENTS = YES;
				CLANG_WARN_EMPTY_BODY = YES;
				CLANG_WARN_ENUM_CONVERSION = YES;
				CLANG_WARN_INFINITE_RECURSION = YES;
				CLANG_WARN_INT_CONVERSION = YES;
				CLANG_WARN_NON_LITERAL_NULL_CONVERSION = YES;
				CLANG_WARN_OBJC_IMPLICIT_RETAIN_SELF = YES;
				CLANG_WARN_OBJC_LITERAL_CONVERSION = YES;
				CLANG_WARN_OBJC_ROOT_CLASS = YES_ERROR;
				CLANG_WARN_QUOTED_INCLUDE_IN_FRAMEWORK_HEADER = YES;
				CLANG_WARN_RANGE_LOOP_ANALYSIS = YES;
				CLANG_WARN_STRICT_PROTOTYPES = YES;
				CLANG_WARN_SUSPICIOUS_MOVE = YES;
				CLANG_WARN_UNGUARDED_AVAILABILITY = YES_AGGRESSIVE;
				CLANG_WARN_UNREACHABLE_CODE = YES;
				CLANG_WARN__DUPLICATE_METHOD_MATCH = YES;
				COPY_PHASE_STRIP = NO;
				DEBUG_INFORMATION_FORMAT = "dwarf-with-dsym";
				ENABLE_NS_ASSERTIONS = NO;
				ENABLE_STRICT_OBJC_MSGSEND = YES;
				ENABLE_USER_SCRIPT_SANDBOXING = YES;
				GCC_C_LANGUAGE_STANDARD = gnu17;
				GCC_NO_COMMON_BLOCKS = YES;
				GCC_WARN_64_TO_32_BIT_CONVERSION = YES;
				GCC_WARN_ABOUT_RETURN_TYPE = YES_ERROR;
				GCC_WARN_UNDECLARED_SELECTOR = YES;
				GCC_WARN_UNINITIALIZED_AUTOS = YES_AGGRESSIVE;
				GCC_WARN_UNUSED_FUNCTION = YES;
				GCC_WARN_UNUSED_VARIABLE = YES;
				IPHONEOS_DEPLOYMENT_TARGET = 18.0;
				LOCALIZATION_PREFERS_STRING_CATALOGS = YES;
				MTL_ENABLE_DEBUG_INFO = NO;
				MTL_FAST_MATH = YES;
				SDKROOT = iphoneos;
				SWIFT_COMPILATION_MODE = wholemodule;
				VALIDATE_PRODUCT = YES;
			};
			name = Release;
		};
		D386C7322CA58A2E00F08F1A /* Debug */ = {
			isa = XCBuildConfiguration;
			buildSettings = {
				BUNDLE_LOADER = "$(TEST_HOST)";
				CODE_SIGN_STYLE = Automatic;
				CURRENT_PROJECT_VERSION = 1;
				DEVELOPMENT_TEAM = 8RXF2VA5SU;
				GENERATE_INFOPLIST_FILE = YES;
				IPHONEOS_DEPLOYMENT_TARGET = 18.0;
				MARKETING_VERSION = 1.0;
				PRODUCT_BUNDLE_IDENTIFIER = clc.ClickerGameTests;
				PRODUCT_NAME = "$(TARGET_NAME)";
				SWIFT_EMIT_LOC_STRINGS = NO;
				SWIFT_VERSION = 5.0;
				TARGETED_DEVICE_FAMILY = "1,2";
				TEST_HOST = "$(BUILT_PRODUCTS_DIR)/ClickerGame.app/$(BUNDLE_EXECUTABLE_FOLDER_PATH)/ClickerGame";
			};
			name = Debug;
		};
		D386C7332CA58A2E00F08F1A /* Release */ = {
			isa = XCBuildConfiguration;
			buildSettings = {
				BUNDLE_LOADER = "$(TEST_HOST)";
				CODE_SIGN_STYLE = Automatic;
				CURRENT_PROJECT_VERSION = 1;
				DEVELOPMENT_TEAM = 8RXF2VA5SU;
				GENERATE_INFOPLIST_FILE = YES;
				IPHONEOS_DEPLOYMENT_TARGET = 18.0;
				MARKETING_VERSION = 1.0;
				PRODUCT_BUNDLE_IDENTIFIER = clc.ClickerGameTests;
				PRODUCT_NAME = "$(TARGET_NAME)";
				SWIFT_EMIT_LOC_STRINGS = NO;
				SWIFT_VERSION = 5.0;
				TARGETED_DEVICE_FAMILY = "1,2";
				TEST_HOST = "$(BUILT_PRODUCTS_DIR)/ClickerGame.app/$(BUNDLE_EXECUTABLE_FOLDER_PATH)/ClickerGame";
			};
			name = Release;
		};
		D386C7352CA58A2E00F08F1A /* Debug */ = {
			isa = XCBuildConfiguration;
			buildSettings = {
				CODE_SIGN_STYLE = Automatic;
				CURRENT_PROJECT_VERSION = 1;
				DEVELOPMENT_TEAM = 8RXF2VA5SU;
				GENERATE_INFOPLIST_FILE = YES;
				MARKETING_VERSION = 1.0;
				PRODUCT_BUNDLE_IDENTIFIER = clc.ClickerGameUITests;
				PRODUCT_NAME = "$(TARGET_NAME)";
				SWIFT_EMIT_LOC_STRINGS = NO;
				SWIFT_VERSION = 5.0;
				TARGETED_DEVICE_FAMILY = "1,2";
				TEST_TARGET_NAME = ClickerGame;
			};
			name = Debug;
		};
		D386C7362CA58A2E00F08F1A /* Release */ = {
			isa = XCBuildConfiguration;
			buildSettings = {
				CODE_SIGN_STYLE = Automatic;
				CURRENT_PROJECT_VERSION = 1;
				DEVELOPMENT_TEAM = 8RXF2VA5SU;
				GENERATE_INFOPLIST_FILE = YES;
				MARKETING_VERSION = 1.0;
				PRODUCT_BUNDLE_IDENTIFIER = clc.ClickerGameUITests;
				PRODUCT_NAME = "$(TARGET_NAME)";
				SWIFT_EMIT_LOC_STRINGS = NO;
				SWIFT_VERSION = 5.0;
				TARGETED_DEVICE_FAMILY = "1,2";
				TEST_TARGET_NAME = ClickerGame;
			};
			name = Release;
		};
/* End XCBuildConfiguration section */

/* Begin XCConfigurationList section */
		D386C6FB2CA58A2C00F08F1A /* Build configuration list for PBXProject "ClickerGame" */ = {
			isa = XCConfigurationList;
			buildConfigurations = (
				D386C72F2CA58A2E00F08F1A /* Debug */,
				D386C7302CA58A2E00F08F1A /* Release */,
			);
			defaultConfigurationIsVisible = 0;
			defaultConfigurationName = Release;
		};
		D386C72C2CA58A2E00F08F1A /* Build configuration list for PBXNativeTarget "ClickerGame" */ = {
			isa = XCConfigurationList;
			buildConfigurations = (
				D386C72D2CA58A2E00F08F1A /* Debug */,
				D386C72E2CA58A2E00F08F1A /* Release */,
			);
			defaultConfigurationIsVisible = 0;
			defaultConfigurationName = Release;
		};
		D386C7312CA58A2E00F08F1A /* Build configuration list for PBXNativeTarget "ClickerGameTests" */ = {
			isa = XCConfigurationList;
			buildConfigurations = (
				D386C7322CA58A2E00F08F1A /* Debug */,
				D386C7332CA58A2E00F08F1A /* Release */,
			);
			defaultConfigurationIsVisible = 0;
			defaultConfigurationName = Release;
		};
		D386C7342CA58A2E00F08F1A /* Build configuration list for PBXNativeTarget "ClickerGameUITests" */ = {
			isa = XCConfigurationList;
			buildConfigurations = (
				D386C7352CA58A2E00F08F1A /* Debug */,
				D386C7362CA58A2E00F08F1A /* Release */,
			);
			defaultConfigurationIsVisible = 0;
			defaultConfigurationName = Release;
		};
/* End XCConfigurationList section */
	};
	rootObject = D386C6F82CA58A2C00F08F1A /* Project object */;
}
